{
  "nodes": {
    "nixpkgs": {
      "locked": {
        "lastModified": 1744440957,
        "narHash": "sha256-FHlSkNqFmPxPJvy+6fNLaNeWnF1lZSgqVCl/eWaJRc4=",
        "owner": "NixOS",
        "repo": "nixpkgs",
        "rev": "26d499fc9f1d567283d5d56fcf367edd815dba1d",
        "type": "github"
      },
      "original": {
        "owner": "NixOS",
        "ref": "nixos-24.11",
        "repo": "nixpkgs",
        "type": "github"
      }
    },
    "nixpkgs_2": {
      "locked": {
        "lastModified": 1718428119,
        "narHash": "sha256-WdWDpNaq6u1IPtxtYHHWpl5BmabtpmLnMAx0RdJ/vo8=",
        "owner": "NixOS",
        "repo": "nixpkgs",
        "rev": "e6cea36f83499eb4e9cd184c8a8e823296b50ad5",
        "type": "github"
      },
      "original": {
        "owner": "NixOS",
        "ref": "nixpkgs-unstable",
        "repo": "nixpkgs",
        "type": "github"
      }
    },
    "root": {
      "inputs": {
        "nixpkgs": "nixpkgs",
        "rust-overlay": "rust-overlay"
      }
    },
    "rust-overlay": {
      "inputs": {
        "nixpkgs": "nixpkgs_2"
      },
      "locked": {
        "lastModified": 1721182796,
        "narHash": "sha256-n6w4IhmVeRU+32vH93+8nqZtEZ0Zcy31Hg1GpH1g4Rk=",
        "owner": "oxalica",
        "repo": "rust-overlay",
        "rev": "d064703dc0657a49a17671c74b1a15ea7433e753",
        "type": "github"
      },
      "original": {
        "owner": "oxalica",
        "repo": "rust-overlay",
        "type": "github"
      }
    }
  },
  "root": "root",
  "version": 7
}
